
Microsoft Visual Studio Solution File, Format Version 12.00
# Visual Studio Version 17
VisualStudioVersion = 17.13.35931.197 d17.13
MinimumVisualStudioVersion = 10.0.40219.1
Project("{FAE04EC0-301F-11D3-BF4B-00C04F79EFBC}") = "ConsoleApp3", "ConsoleApp3\ConsoleApp3.csproj", "{210AD600-295A-4A64-8D1A-3A518073D541}"
EndProject
Global
	GlobalSection(SolutionConfigurationPlatforms) = preSolution
		Debug|Any CPU = Debug|Any CPU
		Release|Any CPU = Release|Any CPU
	EndGlobalSection
	GlobalSection(ProjectConfigurationPlatforms) = postSolution
		{210AD600-295A-4A64-8D1A-3A518073D541}.Debug|Any CPU.ActiveCfg = Debug|Any CPU
		{210AD600-295A-4A64-8D1A-3A518073D541}.Debug|Any CPU.Build.0 = Debug|Any CPU
		{210AD600-295A-4A64-8D1A-3A518073D541}.Release|Any CPU.ActiveCfg = Release|Any CPU
		{210AD600-295A-4A64-8D1A-3A518073D541}.Release|Any CPU.Build.0 = Release|Any CPU
	EndGlobalSection
	GlobalSection(SolutionProperties) = preSolution
		HideSolutionNode = FALSE
	EndGlobalSection
	GlobalSection(ExtensibilityGlobals) = postSolution
		SolutionGuid = {C3C8D619-99B3-460B-A311-E066B4277D44}
	EndGlobalSection
EndGlobal
